
Microsoft Visual Studio Solution File, Format Version 12.00
# Visual Studio Version 16
VisualStudioVersion = 16.0.31313.79
MinimumVisualStudioVersion = 10.0.40219.1
Project("{FAE04EC0-301F-11D3-BF4B-00C04F79EFBC}") = "P2-AP1-Frankelyn-20190276", "P2-AP1-Frankelyn-20190276.csproj", "{4FECF036-639E-4892-86C7-5F75A064581E}"
EndProject
Global
	GlobalSection(SolutionConfigurationPlatforms) = preSolution
		Debug|Any CPU = Debug|Any CPU
		Release|Any CPU = Release|Any CPU
	EndGlobalSection
	GlobalSection(ProjectConfigurationPlatforms) = postSolution
		{4FECF036-639E-4892-86C7-5F75A064581E}.Debug|Any CPU.ActiveCfg = Debug|Any CPU
		{4FECF036-639E-4892-86C7-5F75A064581E}.Debug|Any CPU.Build.0 = Debug|Any CPU
		{4FECF036-639E-4892-86C7-5F75A064581E}.Release|Any CPU.ActiveCfg = Release|Any CPU
		{4FECF036-639E-4892-86C7-5F75A064581E}.Release|Any CPU.Build.0 = Release|Any CPU
	EndGlobalSection
	GlobalSection(SolutionProperties) = preSolution
		HideSolutionNode = FALSE
	EndGlobalSection
	GlobalSection(ExtensibilityGlobals) = postSolution
		SolutionGuid = {C7F5DC18-FCE4-4842-B96A-CC4A7DD1C71E}
	EndGlobalSection
EndGlobal
